
Microsoft Visual Studio Solution File, Format Version 12.00
# Visual Studio Version 17
VisualStudioVersion = 17.9.34622.214
MinimumVisualStudioVersion = 10.0.40219.1
Project("{9A19103F-16F7-4668-BE54-9A1E7A4F7556}") = "ArtFusionStudio", "ArtFusionStudio\ArtFusionStudio.csproj", "{B989B052-F146-4A9E-9485-114F11983C99}"
EndProject
Project("{FAE04EC0-301F-11D3-BF4B-00C04F79EFBC}") = "ArtFusionStudio.DataAccess", "ArtFusionStudio.DataAccess\ArtFusionStudio.DataAccess.csproj", "{773524A4-ABC8-44B2-937F-FFEDAEF2300B}"
EndProject
Project("{FAE04EC0-301F-11D3-BF4B-00C04F79EFBC}") = "ArtFusionStudio.Models", "ArtFusionStudio.Models\ArtFusionStudio.Models.csproj", "{8DF3CAC7-10BA-4DE5-AB25-B169E9410392}"
EndProject
Project("{FAE04EC0-301F-11D3-BF4B-00C04F79EFBC}") = "ArtFusionStudio.Utility", "ArtFusionStudio.Utility\ArtFusionStudio.Utility.csproj", "{442DD46A-8397-4846-BD40-F312BB8B58A3}"
EndProject
Global
	GlobalSection(SolutionConfigurationPlatforms) = preSolution
		Debug|Any CPU = Debug|Any CPU
		Release|Any CPU = Release|Any CPU
	EndGlobalSection
	GlobalSection(ProjectConfigurationPlatforms) = postSolution
		{B989B052-F146-4A9E-9485-114F11983C99}.Debug|Any CPU.ActiveCfg = Debug|Any CPU
		{B989B052-F146-4A9E-9485-114F11983C99}.Debug|Any CPU.Build.0 = Debug|Any CPU
		{B989B052-F146-4A9E-9485-114F11983C99}.Release|Any CPU.ActiveCfg = Release|Any CPU
		{B989B052-F146-4A9E-9485-114F11983C99}.Release|Any CPU.Build.0 = Release|Any CPU
		{773524A4-ABC8-44B2-937F-FFEDAEF2300B}.Debug|Any CPU.ActiveCfg = Debug|Any CPU
		{773524A4-ABC8-44B2-937F-FFEDAEF2300B}.Debug|Any CPU.Build.0 = Debug|Any CPU
		{773524A4-ABC8-44B2-937F-FFEDAEF2300B}.Release|Any CPU.ActiveCfg = Release|Any CPU
		{773524A4-ABC8-44B2-937F-FFEDAEF2300B}.Release|Any CPU.Build.0 = Release|Any CPU
		{8DF3CAC7-10BA-4DE5-AB25-B169E9410392}.Debug|Any CPU.ActiveCfg = Debug|Any CPU
		{8DF3CAC7-10BA-4DE5-AB25-B169E9410392}.Debug|Any CPU.Build.0 = Debug|Any CPU
		{8DF3CAC7-10BA-4DE5-AB25-B169E9410392}.Release|Any CPU.ActiveCfg = Release|Any CPU
		{8DF3CAC7-10BA-4DE5-AB25-B169E9410392}.Release|Any CPU.Build.0 = Release|Any CPU
		{442DD46A-8397-4846-BD40-F312BB8B58A3}.Debug|Any CPU.ActiveCfg = Debug|Any CPU
		{442DD46A-8397-4846-BD40-F312BB8B58A3}.Debug|Any CPU.Build.0 = Debug|Any CPU
		{442DD46A-8397-4846-BD40-F312BB8B58A3}.Release|Any CPU.ActiveCfg = Release|Any CPU
		{442DD46A-8397-4846-BD40-F312BB8B58A3}.Release|Any CPU.Build.0 = Release|Any CPU
	EndGlobalSection
	GlobalSection(SolutionProperties) = preSolution
		HideSolutionNode = FALSE
	EndGlobalSection
	GlobalSection(ExtensibilityGlobals) = postSolution
		SolutionGuid = {A238811F-1FCF-46F7-B4EB-0C76EC275D45}
	EndGlobalSection
EndGlobal
